{
    "_readme": [
        "This file locks the dependencies of your project to a known state",
        "Read more about it at https://getcomposer.org/doc/01-basic-usage.md#installing-dependencies",
        "This file is @generated automatically"
    ],
    "content-hash": "f73958f5c286da21d57edae68295001b",
    "packages": [
        {
            "name": "loilo/fuse",
            "version": "6.6.3",
            "source": {
                "type": "git",
                "url": "https://github.com/loilo/Fuse.git",
                "reference": "ab12d7cf9dc865b96f8425ef0fc68cf55fc79192"
            },
            "dist": {
                "type": "zip",
                "url": "https://api.github.com/repos/loilo/Fuse/zipball/ab12d7cf9dc865b96f8425ef0fc68cf55fc79192",
                "reference": "ab12d7cf9dc865b96f8425ef0fc68cf55fc79192",
                "shasum": ""
            },
            "require": {
                "php": "^7.4 || ^8.0"
            },
            "require-dev": {
                "dms/phpunit-arraysubset-asserts": "^0.3.0 || ^0.4.0",
                "phpunit/phpunit": "^8.0 || ^9.0",
                "psalm/plugin-phpunit": "^0.16.1 || ^0.17.0",
                "squizlabs/php_codesniffer": "^3.6",
                "vimeo/psalm": "^4.9"
            },
            "type": "library",
            "autoload": {
                "files": [
                    "src/Core/computeScore.php",
                    "src/Core/config.php",
                    "src/Core/format.php",
                    "src/Core/parse.php",
                    "src/Helpers/get.php",
                    "src/Helpers/sort.php",
                    "src/Helpers/types.php",
                    "src/Search/Bitap/computeScore.php",
                    "src/Search/Bitap/convertMaskToIndices.php",
                    "src/Search/Bitap/createPatternAlphabet.php",
                    "src/Search/Bitap/search.php",
                    "src/Search/Extended/parseQuery.php",
                    "src/Transform/transformMatches.php",
                    "src/Transform/transformScore.php"
                ],
                "psr-4": {
                    "Fuse\\": "src/"
                }
            },
            "notification-url": "https://packagist.org/downloads/",
            "license": [
                "Apache-2.0"
            ],
            "authors": [
                {
                    "name": "Florian Reuschel",
                    "email": "florian@loilo.de"
                }
            ],
            "description": "Fuzzy search for PHP based on Bitap algorithm",
            "support": {
                "issues": "https://github.com/loilo/Fuse/issues",
                "source": "https://github.com/loilo/Fuse/tree/v6.6.3"
            },
            "time": "2022-07-09T11:08:13+00:00"
        }
    ],
    "packages-dev": [],
    "aliases": [],
    "minimum-stability": "stable",
    "stability-flags": [],
    "prefer-stable": false,
    "prefer-lowest": false,
    "platform": [],
    "platform-dev": [],
    "plugin-api-version": "2.1.0"
}
